
Microsoft Visual Studio Solution File, Format Version 12.00
Project("{FAE04EC0-301F-11D3-BF4B-00C04F79EFBC}") = "HBS.HairBySilke_2021.Core", "HBS.HairBySilke_2021.Core\HBS.HairBySilke_2021.Core.csproj", "{5577643D-77F8-467F-83CD-ABE882E8D349}"
EndProject
Project("{2150E333-8FDC-42A3-9474-1A3956D46DE8}") = "HBS.Core", "HBS.Core", "{9EFC9D96-C895-4418-B226-A1D29285BB36}"
EndProject
Project("{FAE04EC0-301F-11D3-BF4B-00C04F79EFBC}") = "HBS.HairBySilke_2021.Domain", "HBS.HairBySilke_2021.Domain\HBS.HairBySilke_2021.Domain.csproj", "{E04E8A38-CED9-43DD-8926-7B708D9A6D76}"
EndProject
Project("{2150E333-8FDC-42A3-9474-1A3956D46DE8}") = "HBS.Infrastructure", "HBS.Infrastructure", "{00673DCE-183B-46C5-B79F-8B0BBC40CE2A}"
EndProject
Project("{FAE04EC0-301F-11D3-BF4B-00C04F79EFBC}") = "HBS.HairBySilke_2021.DataAccess", "HBS.HairBySilke_2021.DataAccess\HBS.HairBySilke_2021.DataAccess.csproj", "{F7825868-FFB4-4829-97D0-9E055EA02BBB}"
EndProject
Project("{2150E333-8FDC-42A3-9474-1A3956D46DE8}") = "HBS.Presentation", "HBS.Presentation", "{D50E4931-EDD8-49C8-AB7F-CB4C48B6F0C4}"
EndProject
Project("{FAE04EC0-301F-11D3-BF4B-00C04F79EFBC}") = "HBS.HariBySilke_2021.WebApi", "HBS.HariBySilke_2021.WebApi\HBS.HariBySilke_2021.WebApi.csproj", "{9F0D3E91-7CC8-440B-94ED-B854B303FFA1}"
EndProject
Project("{2150E333-8FDC-42A3-9474-1A3956D46DE8}") = "HBS.Core.Test", "HBS.Core.Test", "{22E2CCF9-F559-40B0-9067-DD82EFFB3469}"
EndProject
Project("{FAE04EC0-301F-11D3-BF4B-00C04F79EFBC}") = "HBS.HairBySilke_2021.Core.Test", "HBS.HairBySilke_2021.Core.Test\HBS.HairBySilke_2021.Core.Test.csproj", "{E16D7AEA-DA9C-4AFF-A96C-FE74AB907B4D}"
EndProject
Project("{FAE04EC0-301F-11D3-BF4B-00C04F79EFBC}") = "HBS.HairBySilke_2021.Domain.Test", "HBS.HairBySilke_2021.Domain.Test\HBS.HairBySilke_2021.Domain.Test.csproj", "{9B836E4F-E94A-4215-9DD6-CCDFF4F0FAF7}"
EndProject
Project("{2150E333-8FDC-42A3-9474-1A3956D46DE8}") = "HBS.Infrastructure.Test", "HBS.Infrastructure.Test", "{21833138-2CEB-4E16-8128-863FE1FFCCF9}"
EndProject
Project("{FAE04EC0-301F-11D3-BF4B-00C04F79EFBC}") = "HBS.HairBySilke_2021.DataAccess.Test", "HBS.Infrastructure.Test\HBS.HairBySilke_2021.DataAccess.Test\HBS.HairBySilke_2021.DataAccess.Test.csproj", "{CA784E16-5CD4-448C-AB13-DD8E5357A9D2}"
EndProject
Project("{2150E333-8FDC-42A3-9474-1A3956D46DE8}") = "HBS.Presentation.Test", "HBS.Presentation.Test", "{C8D7C6BE-CF48-4494-A2F1-4DC4CD9F54B2}"
EndProject
Project("{FAE04EC0-301F-11D3-BF4B-00C04F79EFBC}") = "HBS.HairBySilke_2021.WebApi.Test", "HBS.HairBySilke_2021.WebApi.Test\HBS.HairBySilke_2021.WebApi.Test.csproj", "{9942A345-898E-4791-AE1D-74CA00A1764F}"
EndProject
Global
	GlobalSection(SolutionConfigurationPlatforms) = preSolution
		Debug|Any CPU = Debug|Any CPU
		Release|Any CPU = Release|Any CPU
	EndGlobalSection
	GlobalSection(ProjectConfigurationPlatforms) = postSolution
		{5577643D-77F8-467F-83CD-ABE882E8D349}.Debug|Any CPU.ActiveCfg = Debug|Any CPU
		{5577643D-77F8-467F-83CD-ABE882E8D349}.Debug|Any CPU.Build.0 = Debug|Any CPU
		{5577643D-77F8-467F-83CD-ABE882E8D349}.Release|Any CPU.ActiveCfg = Release|Any CPU
		{5577643D-77F8-467F-83CD-ABE882E8D349}.Release|Any CPU.Build.0 = Release|Any CPU
		{E04E8A38-CED9-43DD-8926-7B708D9A6D76}.Debug|Any CPU.ActiveCfg = Debug|Any CPU
		{E04E8A38-CED9-43DD-8926-7B708D9A6D76}.Debug|Any CPU.Build.0 = Debug|Any CPU
		{E04E8A38-CED9-43DD-8926-7B708D9A6D76}.Release|Any CPU.ActiveCfg = Release|Any CPU
		{E04E8A38-CED9-43DD-8926-7B708D9A6D76}.Release|Any CPU.Build.0 = Release|Any CPU
		{F7825868-FFB4-4829-97D0-9E055EA02BBB}.Debug|Any CPU.ActiveCfg = Debug|Any CPU
		{F7825868-FFB4-4829-97D0-9E055EA02BBB}.Debug|Any CPU.Build.0 = Debug|Any CPU
		{F7825868-FFB4-4829-97D0-9E055EA02BBB}.Release|Any CPU.ActiveCfg = Release|Any CPU
		{F7825868-FFB4-4829-97D0-9E055EA02BBB}.Release|Any CPU.Build.0 = Release|Any CPU
		{9F0D3E91-7CC8-440B-94ED-B854B303FFA1}.Debug|Any CPU.ActiveCfg = Debug|Any CPU
		{9F0D3E91-7CC8-440B-94ED-B854B303FFA1}.Debug|Any CPU.Build.0 = Debug|Any CPU
		{9F0D3E91-7CC8-440B-94ED-B854B303FFA1}.Release|Any CPU.ActiveCfg = Release|Any CPU
		{9F0D3E91-7CC8-440B-94ED-B854B303FFA1}.Release|Any CPU.Build.0 = Release|Any CPU
		{E16D7AEA-DA9C-4AFF-A96C-FE74AB907B4D}.Debug|Any CPU.ActiveCfg = Debug|Any CPU
		{E16D7AEA-DA9C-4AFF-A96C-FE74AB907B4D}.Debug|Any CPU.Build.0 = Debug|Any CPU
		{E16D7AEA-DA9C-4AFF-A96C-FE74AB907B4D}.Release|Any CPU.ActiveCfg = Release|Any CPU
		{E16D7AEA-DA9C-4AFF-A96C-FE74AB907B4D}.Release|Any CPU.Build.0 = Release|Any CPU
		{9B836E4F-E94A-4215-9DD6-CCDFF4F0FAF7}.Debug|Any CPU.ActiveCfg = Debug|Any CPU
		{9B836E4F-E94A-4215-9DD6-CCDFF4F0FAF7}.Debug|Any CPU.Build.0 = Debug|Any CPU
		{9B836E4F-E94A-4215-9DD6-CCDFF4F0FAF7}.Release|Any CPU.ActiveCfg = Release|Any CPU
		{9B836E4F-E94A-4215-9DD6-CCDFF4F0FAF7}.Release|Any CPU.Build.0 = Release|Any CPU
		{CA784E16-5CD4-448C-AB13-DD8E5357A9D2}.Debug|Any CPU.ActiveCfg = Debug|Any CPU
		{CA784E16-5CD4-448C-AB13-DD8E5357A9D2}.Debug|Any CPU.Build.0 = Debug|Any CPU
		{CA784E16-5CD4-448C-AB13-DD8E5357A9D2}.Release|Any CPU.ActiveCfg = Release|Any CPU
		{CA784E16-5CD4-448C-AB13-DD8E5357A9D2}.Release|Any CPU.Build.0 = Release|Any CPU
		{9942A345-898E-4791-AE1D-74CA00A1764F}.Debug|Any CPU.ActiveCfg = Debug|Any CPU
		{9942A345-898E-4791-AE1D-74CA00A1764F}.Debug|Any CPU.Build.0 = Debug|Any CPU
		{9942A345-898E-4791-AE1D-74CA00A1764F}.Release|Any CPU.ActiveCfg = Release|Any CPU
		{9942A345-898E-4791-AE1D-74CA00A1764F}.Release|Any CPU.Build.0 = Release|Any CPU
	EndGlobalSection
	GlobalSection(NestedProjects) = preSolution
		{5577643D-77F8-467F-83CD-ABE882E8D349} = {9EFC9D96-C895-4418-B226-A1D29285BB36}
		{E04E8A38-CED9-43DD-8926-7B708D9A6D76} = {9EFC9D96-C895-4418-B226-A1D29285BB36}
		{F7825868-FFB4-4829-97D0-9E055EA02BBB} = {00673DCE-183B-46C5-B79F-8B0BBC40CE2A}
		{9F0D3E91-7CC8-440B-94ED-B854B303FFA1} = {D50E4931-EDD8-49C8-AB7F-CB4C48B6F0C4}
		{E16D7AEA-DA9C-4AFF-A96C-FE74AB907B4D} = {22E2CCF9-F559-40B0-9067-DD82EFFB3469}
		{9B836E4F-E94A-4215-9DD6-CCDFF4F0FAF7} = {22E2CCF9-F559-40B0-9067-DD82EFFB3469}
		{CA784E16-5CD4-448C-AB13-DD8E5357A9D2} = {21833138-2CEB-4E16-8128-863FE1FFCCF9}
		{9942A345-898E-4791-AE1D-74CA00A1764F} = {C8D7C6BE-CF48-4494-A2F1-4DC4CD9F54B2}
	EndGlobalSection
EndGlobal
